
Microsoft Visual Studio Solution File, Format Version 12.00
# Visual Studio 15
VisualStudioVersion = 15.0.26730.10
MinimumVisualStudioVersion = 10.0.40219.1
Project("{FAE04EC0-301F-11D3-BF4B-00C04F79EFBC}") = "DiscordMMO", "DiscordMMO\DiscordMMO.csproj", "{DC705570-C54B-4BEA-BBCF-5A5AE1288CF4}"
EndProject
Global
	GlobalSection(Performance) = preSolution
		HasPerformanceSessions = true
	EndGlobalSection
	GlobalSection(SolutionConfigurationPlatforms) = preSolution
		Debug|Any CPU = Debug|Any CPU
		Release|Any CPU = Release|Any CPU
	EndGlobalSection
	GlobalSection(ProjectConfigurationPlatforms) = postSolution
		{DC705570-C54B-4BEA-BBCF-5A5AE1288CF4}.Debug|Any CPU.ActiveCfg = Debug|Any CPU
		{DC705570-C54B-4BEA-BBCF-5A5AE1288CF4}.Debug|Any CPU.Build.0 = Debug|Any CPU
		{DC705570-C54B-4BEA-BBCF-5A5AE1288CF4}.Release|Any CPU.ActiveCfg = Release|Any CPU
		{DC705570-C54B-4BEA-BBCF-5A5AE1288CF4}.Release|Any CPU.Build.0 = Release|Any CPU
	EndGlobalSection
	GlobalSection(SolutionProperties) = preSolution
		HideSolutionNode = FALSE
	EndGlobalSection
	GlobalSection(ExtensibilityGlobals) = postSolution
		SolutionGuid = {31DBB198-4119-4E46-8A20-DE8DD4472C8B}
	EndGlobalSection
	GlobalSection(Performance) = preSolution
		HasPerformanceSessions = true
	EndGlobalSection
	GlobalSection(Performance) = preSolution
		HasPerformanceSessions = true
	EndGlobalSection
EndGlobal
